PODS:
  - Nimble (5.1.1)
  - OHHTTPStubs (9.1.0):
    - OHHTTPStubs/Default (= 9.1.0)
  - OHHTTPStubs/Core (9.1.0)
  - OHHTTPStubs/Default (9.1.0):
    - OHHTTPStubs/Core
    - OHHTTPStubs/JSON
    - OHHTTPStubs/NSURLSession
    - OHHTTPStubs/OHPathHelpers
  - OHHTTPStubs/JSON (9.1.0):
    - OHHTTPStubs/Core
  - OHHTTPStubs/NSURLSession (9.1.0):
    - OHHTTPStubs/Core
  - OHHTTPStubs/OHPathHelpers (9.1.0)
  - OHHTTPStubs/Swift (9.1.0):
    - OHHTTPStubs/Default
  - Quick (0.10.0)
  - Result (4.1.0)
  - SnapKit (4.0.1)
  - SugarRecord (3.1.2):
    - SugarRecord/CoreData (= 3.1.2)
    - "SugarRecord/CoreData+iCloud (= 3.1.2)"
  - SugarRecord/CoreData (3.1.2):
    - Result (~> 4.0)
  - "SugarRecord/CoreData+iCloud (3.1.2)":
    - Result (~> 4.0)

DEPENDENCIES:
  - Nimble (~> 5.0)
  - OHHTTPStubs
  - OHHTTPStubs/Swift
  - Quick (~> 0.10)
  - SnapKit (= 4.0.1)
  - SugarRecord (from `../`)
  - SugarRecord/CoreData (from `../`)
  - "SugarRecord/CoreData+iCloud (from `../`)"

SPEC REPOS:
  trunk:
    - Nimble
    - OHHTTPStubs
    - Quick
    - Result
    - SnapKit

EXTERNAL SOURCES:
  SugarRecord:
    :path: "../"

SPEC CHECKSUMS:
  Nimble: 415e3aa3267e7bc2c96b05fa814ddea7bb686a29
  OHHTTPStubs: 90eac6d8f2c18317baeca36698523dc67c513831
  Quick: 5d290df1c69d5ee2f0729956dcf0fd9a30447eaa
  Result: bd966fac789cc6c1563440b348ab2598cc24d5c7
  SnapKit: 0de968a9fec17499afa29683b05d0c775b6d1c29
  SugarRecord: bfb3e363a61adb7644234657ba2fd4f16c31d725

PODFILE CHECKSUM: 3f7976038f7fb0faf4eb2857eeced7eea18ff609

COCOAPODS: 1.11.3
