PODS:
  - Nimble (5.1.1)
  - OHHTTPStubs (9.1.0):
    - OHHTTPStubs/Default (= 9.1.0)
  - OHHTTPStubs/Core (9.1.0)
  - OHHTTPStubs/Default (9.1.0):
    - OHHTTPStubs/Core
    - OHHTTPStubs/JSON
    - OHHTTPStubs/NSURLSession
    - OHHTTPStubs/OHPathHelpers
  - OHHTTPStubs/JSON (9.1.0):
    - OHHTTPStubs/Core
  - OHHTTPStubs/NSURLSession (9.1.0):
    - OHHTTPStubs/Core
  - OHHTTPStubs/OHPathHelpers (9.1.0)
  - OHHTTPStubs/Swift (9.1.0):
    - OHHTTPStubs/Default
  - Quick (0.10.0)
  - Result (3.2.4)
  - SnapKit (4.0.1)
  - SugarRecord (3.1.2):
    - SugarRecord/CoreData (= 3.1.2)
    - "SugarRecord/CoreData+iCloud (= 3.1.2)"
  - SugarRecord/CoreData (3.1.2):
    - Result (~> 3.0)
  - "SugarRecord/CoreData+iCloud (3.1.2)":
    - Result (~> 3.0)

DEPENDENCIES:
  - Nimble (~> 5.0)
  - OHHTTPStubs
  - OHHTTPStubs/Swift
  - Quick (~> 0.10)
  - SnapKit
  - SnapKit (= 4.0.1)
  - SugarRecord (from `../`)
  - SugarRecord/CoreData (from `../`)
  - "SugarRecord/CoreData+iCloud (from `../`)"

SPEC REPOS:
  trunk:
    - Nimble
    - OHHTTPStubs
    - Quick
    - Result
    - SnapKit

EXTERNAL SOURCES:
  SugarRecord:
    :path: "../"

SPEC CHECKSUMS:
  Nimble: 415e3aa3267e7bc2c96b05fa814ddea7bb686a29
  OHHTTPStubs: 90eac6d8f2c18317baeca36698523dc67c513831
  Quick: 5d290df1c69d5ee2f0729956dcf0fd9a30447eaa
  Result: d2d07204ce72856f1fd9130bbe42c35a7b0fea10
  SnapKit: 0de968a9fec17499afa29683b05d0c775b6d1c29
  SugarRecord: be6aa5c18b4a4dec0de4c1f49fc61c85eabb5328

PODFILE CHECKSUM: 2900f883e2680df720e2878e68b2bca88b3697a5

COCOAPODS: 1.11.3
